// !$*UTF8*$!
{
	archiveVersion = 1;
	classes = {
	};
	objectVersion = 48;
	objects = {

/* Begin PBXBuildFile section */
		864CE1742192CB8D0037BF2A /* prisoner.cpp in Sources */ = {isa = PBXBuildFile; fileRef = 864CE1732192CB8D0037BF2A /* prisoner.cpp */; };
		864CE17D2192CC030037BF2A /* Player.cpp in Sources */ = {isa = PBXBuildFile; fileRef = 864CE17B2192CC030037BF2A /* Player.cpp */; };
		86EFE154219A4EB500491445 /* Nice.cpp in Sources */ = {isa = PBXBuildFile; fileRef = 86EFE152219A4EB500491445 /* Nice.cpp */; };
		86EFE157219A4F8E00491445 /* Mean.cpp in Sources */ = {isa = PBXBuildFile; fileRef = 86EFE155219A4F8E00491445 /* Mean.cpp */; };
		86EFE15A219A4FAB00491445 /* TFT.cpp in Sources */ = {isa = PBXBuildFile; fileRef = 86EFE158219A4FAB00491445 /* TFT.cpp */; };
		86EFE15D219A4FDE00491445 /* JYamato.cpp in Sources */ = {isa = PBXBuildFile; fileRef = 86EFE15B219A4FDE00491445 /* JYamato.cpp */; };
		86EFE160219A50A500491445 /* Jail.cpp in Sources */ = {isa = PBXBuildFile; fileRef = 86EFE15E219A50A500491445 /* Jail.cpp */; };
/* End PBXBuildFile section */

/* Begin PBXCopyFilesBuildPhase section */
		864CE16E2192CB8D0037BF2A /* CopyFiles */ = {
			isa = PBXCopyFilesBuildPhase;
			buildActionMask = 2147483647;
			dstPath = /usr/share/man/man1/;
			dstSubfolderSpec = 0;
			files = (
			);
			runOnlyForDeploymentPostprocessing = 1;
		};
/* End PBXCopyFilesBuildPhase section */

/* Begin PBXFileReference section */
		864CE1702192CB8D0037BF2A /* HW10 */ = {isa = PBXFileReference; explicitFileType = "compiled.mach-o.executable"; includeInIndex = 0; path = HW10; sourceTree = BUILT_PRODUCTS_DIR; };
		864CE1732192CB8D0037BF2A /* prisoner.cpp */ = {isa = PBXFileReference; lastKnownFileType = sourcecode.cpp.cpp; path = prisoner.cpp; sourceTree = "<group>"; };
		864CE17B2192CC030037BF2A /* Player.cpp */ = {isa = PBXFileReference; lastKnownFileType = sourcecode.cpp.cpp; path = Player.cpp; sourceTree = "<group>"; };
		864CE17C2192CC030037BF2A /* Player.h */ = {isa = PBXFileReference; lastKnownFileType = sourcecode.c.h; path = Player.h; sourceTree = "<group>"; };
		86EFE152219A4EB500491445 /* Nice.cpp */ = {isa = PBXFileReference; lastKnownFileType = sourcecode.cpp.cpp; path = Nice.cpp; sourceTree = "<group>"; };
		86EFE153219A4EB500491445 /* Nice.h */ = {isa = PBXFileReference; lastKnownFileType = sourcecode.c.h; path = Nice.h; sourceTree = "<group>"; };
		86EFE155219A4F8E00491445 /* Mean.cpp */ = {isa = PBXFileReference; lastKnownFileType = sourcecode.cpp.cpp; path = Mean.cpp; sourceTree = "<group>"; };
		86EFE156219A4F8E00491445 /* Mean.h */ = {isa = PBXFileReference; lastKnownFileType = sourcecode.c.h; path = Mean.h; sourceTree = "<group>"; };
		86EFE158219A4FAB00491445 /* TFT.cpp */ = {isa = PBXFileReference; lastKnownFileType = sourcecode.cpp.cpp; path = TFT.cpp; sourceTree = "<group>"; };
		86EFE159219A4FAB00491445 /* TFT.h */ = {isa = PBXFileReference; lastKnownFileType = sourcecode.c.h; path = TFT.h; sourceTree = "<group>"; };
		86EFE15B219A4FDE00491445 /* JYamato.cpp */ = {isa = PBXFileReference; lastKnownFileType = sourcecode.cpp.cpp; path = JYamato.cpp; sourceTree = "<group>"; };
		86EFE15C219A4FDE00491445 /* JYamato.h */ = {isa = PBXFileReference; lastKnownFileType = sourcecode.c.h; path = JYamato.h; sourceTree = "<group>"; };
		86EFE15E219A50A500491445 /* Jail.cpp */ = {isa = PBXFileReference; lastKnownFileType = sourcecode.cpp.cpp; path = Jail.cpp; sourceTree = "<group>"; };
		86EFE15F219A50A500491445 /* Jail.h */ = {isa = PBXFileReference; lastKnownFileType = sourcecode.c.h; path = Jail.h; sourceTree = "<group>"; };
/* End PBXFileReference section */

/* Begin PBXFrameworksBuildPhase section */
		864CE16D2192CB8D0037BF2A /* Frameworks */ = {
			isa = PBXFrameworksBuildPhase;
			buildActionMask = 2147483647;
			files = (
			);
			runOnlyForDeploymentPostprocessing = 0;
		};
/* End PBXFrameworksBuildPhase section */

/* Begin PBXGroup section */
		864CE1672192CB8D0037BF2A = {
			isa = PBXGroup;
			children = (
				864CE1722192CB8D0037BF2A /* HW10 */,
				864CE1712192CB8D0037BF2A /* Products */,
			);
			sourceTree = "<group>";
		};
		864CE1712192CB8D0037BF2A /* Products */ = {
			isa = PBXGroup;
			children = (
				864CE1702192CB8D0037BF2A /* HW10 */,
			);
			name = Products;
			sourceTree = "<group>";
		};
		864CE1722192CB8D0037BF2A /* HW10 */ = {
			isa = PBXGroup;
			children = (
				864CE1732192CB8D0037BF2A /* prisoner.cpp */,
				86EFE15F219A50A500491445 /* Jail.h */,
				86EFE15E219A50A500491445 /* Jail.cpp */,
				864CE17C2192CC030037BF2A /* Player.h */,
				864CE17B2192CC030037BF2A /* Player.cpp */,
				86EFE153219A4EB500491445 /* Nice.h */,
				86EFE152219A4EB500491445 /* Nice.cpp */,
				86EFE156219A4F8E00491445 /* Mean.h */,
				86EFE155219A4F8E00491445 /* Mean.cpp */,
				86EFE159219A4FAB00491445 /* TFT.h */,
				86EFE158219A4FAB00491445 /* TFT.cpp */,
				86EFE15C219A4FDE00491445 /* JYamato.h */,
				86EFE15B219A4FDE00491445 /* JYamato.cpp */,
			);
			path = HW10;
			sourceTree = "<group>";
		};
/* End PBXGroup section */

/* Begin PBXNativeTarget section */
		864CE16F2192CB8D0037BF2A /* HW10 */ = {
			isa = PBXNativeTarget;
			buildConfigurationList = 864CE1772192CB8D0037BF2A /* Build configuration list for PBXNativeTarget "HW10" */;
			buildPhases = (
				864CE16C2192CB8D0037BF2A /* Sources */,
				864CE16D2192CB8D0037BF2A /* Frameworks */,
				864CE16E2192CB8D0037BF2A /* CopyFiles */,
			);
			buildRules = (
			);
			dependencies = (
			);
			name = HW10;
			productName = HW10;
			productReference = 864CE1702192CB8D0037BF2A /* HW10 */;
			productType = "com.apple.product-type.tool";
		};
/* End PBXNativeTarget section */

/* Begin PBXProject section */
		864CE1682192CB8D0037BF2A /* Project object */ = {
			isa = PBXProject;
			attributes = {
				LastUpgradeCheck = 0920;
				ORGANIZATIONNAME = "Jonah Yamato";
				TargetAttributes = {
					864CE16F2192CB8D0037BF2A = {
						CreatedOnToolsVersion = 9.2;
						ProvisioningStyle = Automatic;
					};
				};
			};
			buildConfigurationList = 864CE16B2192CB8D0037BF2A /* Build configuration list for PBXProject "HW10" */;
			compatibilityVersion = "Xcode 8.0";
			developmentRegion = en;
			hasScannedForEncodings = 0;
			knownRegions = (
				en,
			);
			mainGroup = 864CE1672192CB8D0037BF2A;
			productRefGroup = 864CE1712192CB8D0037BF2A /* Products */;
			projectDirPath = "";
			projectRoot = "";
			targets = (
				864CE16F2192CB8D0037BF2A /* HW10 */,
			);
		};
/* End PBXProject section */

/* Begin PBXSourcesBuildPhase section */
		864CE16C2192CB8D0037BF2A /* Sources */ = {
			isa = PBXSourcesBuildPhase;
			buildActionMask = 2147483647;
			files = (
				86EFE15A219A4FAB00491445 /* TFT.cpp in Sources */,
				86EFE15D219A4FDE00491445 /* JYamato.cpp in Sources */,
				86EFE154219A4EB500491445 /* Nice.cpp in Sources */,
				864CE17D2192CC030037BF2A /* Player.cpp in Sources */,
				86EFE157219A4F8E00491445 /* Mean.cpp in Sources */,
				86EFE160219A50A500491445 /* Jail.cpp in Sources */,
				864CE1742192CB8D0037BF2A /* prisoner.cpp in Sources */,
			);
			runOnlyForDeploymentPostprocessing = 0;
		};
/* End PBXSourcesBuildPhase section */

/* Begin XCBuildConfiguration section */
		864CE1752192CB8D0037BF2A /* Debug */ = {
			isa = XCBuildConfiguration;
			buildSettings = {
				ALWAYS_SEARCH_USER_PATHS = NO;
				CLANG_ANALYZER_NONNULL = YES;
				CLANG_ANALYZER_NUMBER_OBJECT_CONVERSION = YES_AGGRESSIVE;
				CLANG_CXX_LANGUAGE_STANDARD = "gnu++14";
				CLANG_CXX_LIBRARY = "libc++";
				CLANG_ENABLE_MODULES = YES;
				CLANG_ENABLE_OBJC_ARC = YES;
				CLANG_WARN_BLOCK_CAPTURE_AUTORELEASING = YES;
				CLANG_WARN_BOOL_CONVERSION = YES;
				CLANG_WARN_COMMA = YES;
				CLANG_WARN_CONSTANT_CONVERSION = YES;
				CLANG_WARN_DIRECT_OBJC_ISA_USAGE = YES_ERROR;
				CLANG_WARN_DOCUMENTATION_COMMENTS = YES;
				CLANG_WARN_EMPTY_BODY = YES;
				CLANG_WARN_ENUM_CONVERSION = YES;
				CLANG_WARN_INFINITE_RECURSION = YES;
				CLANG_WARN_INT_CONVERSION = YES;
				CLANG_WARN_NON_LITERAL_NULL_CONVERSION = YES;
				CLANG_WARN_OBJC_LITERAL_CONVERSION = YES;
				CLANG_WARN_OBJC_ROOT_CLASS = YES_ERROR;
				CLANG_WARN_RANGE_LOOP_ANALYSIS = YES;
				CLANG_WARN_STRICT_PROTOTYPES = YES;
				CLANG_WARN_SUSPICIOUS_MOVE = YES;
				CLANG_WARN_UNGUARDED_AVAILABILITY = YES_AGGRESSIVE;
				CLANG_WARN_UNREACHABLE_CODE = YES;
				CLANG_WARN__DUPLICATE_METHOD_MATCH = YES;
				CODE_SIGN_IDENTITY = "-";
				COPY_PHASE_STRIP = NO;
				DEBUG_INFORMATION_FORMAT = dwarf;
				ENABLE_STRICT_OBJC_MSGSEND = YES;
				ENABLE_TESTABILITY = YES;
				GCC_C_LANGUAGE_STANDARD = gnu11;
				GCC_DYNAMIC_NO_PIC = NO;
				GCC_NO_COMMON_BLOCKS = YES;
				GCC_OPTIMIZATION_LEVEL = 0;
				GCC_PREPROCESSOR_DEFINITIONS = (
					"DEBUG=1",
					"$(inherited)",
				);
				GCC_WARN_64_TO_32_BIT_CONVERSION = YES;
				GCC_WARN_ABOUT_RETURN_TYPE = YES_ERROR;
				GCC_WARN_UNDECLARED_SELECTOR = YES;
				GCC_WARN_UNINITIALIZED_AUTOS = YES_AGGRESSIVE;
				GCC_WARN_UNUSED_FUNCTION = YES;
				GCC_WARN_UNUSED_VARIABLE = YES;
				MACOSX_DEPLOYMENT_TARGET = 10.12;
				MTL_ENABLE_DEBUG_INFO = YES;
				ONLY_ACTIVE_ARCH = YES;
				SDKROOT = macosx;
			};
			name = Debug;
		};
		864CE1762192CB8D0037BF2A /* Release */ = {
			isa = XCBuildConfiguration;
			buildSettings = {
				ALWAYS_SEARCH_USER_PATHS = NO;
				CLANG_ANALYZER_NONNULL = YES;
				CLANG_ANALYZER_NUMBER_OBJECT_CONVERSION = YES_AGGRESSIVE;
				CLANG_CXX_LANGUAGE_STANDARD = "gnu++14";
				CLANG_CXX_LIBRARY = "libc++";
				CLANG_ENABLE_MODULES = YES;
				CLANG_ENABLE_OBJC_ARC = YES;
				CLANG_WARN_BLOCK_CAPTURE_AUTORELEASING = YES;
				CLANG_WARN_BOOL_CONVERSION = YES;
				CLANG_WARN_COMMA = YES;
				CLANG_WARN_CONSTANT_CONVERSION = YES;
				CLANG_WARN_DIRECT_OBJC_ISA_USAGE = YES_ERROR;
				CLANG_WARN_DOCUMENTATION_COMMENTS = YES;
				CLANG_WARN_EMPTY_BODY = YES;
				CLANG_WARN_ENUM_CONVERSION = YES;
				CLANG_WARN_INFINITE_RECURSION = YES;
				CLANG_WARN_INT_CONVERSION = YES;
				CLANG_WARN_NON_LITERAL_NULL_CONVERSION = YES;
				CLANG_WARN_OBJC_LITERAL_CONVERSION = YES;
				CLANG_WARN_OBJC_ROOT_CLASS = YES_ERROR;
				CLANG_WARN_RANGE_LOOP_ANALYSIS = YES;
				CLANG_WARN_STRICT_PROTOTYPES = YES;
				CLANG_WARN_SUSPICIOUS_MOVE = YES;
				CLANG_WARN_UNGUARDED_AVAILABILITY = YES_AGGRESSIVE;
				CLANG_WARN_UNREACHABLE_CODE = YES;
				CLANG_WARN__DUPLICATE_METHOD_MATCH = YES;
				CODE_SIGN_IDENTITY = "-";
				COPY_PHASE_STRIP = NO;
				DEBUG_INFORMATION_FORMAT = "dwarf-with-dsym";
				ENABLE_NS_ASSERTIONS = NO;
				ENABLE_STRICT_OBJC_MSGSEND = YES;
				GCC_C_LANGUAGE_STANDARD = gnu11;
				GCC_NO_COMMON_BLOCKS = YES;
				GCC_WARN_64_TO_32_BIT_CONVERSION = YES;
				GCC_WARN_ABOUT_RETURN_TYPE = YES_ERROR;
				GCC_WARN_UNDECLARED_SELECTOR = YES;
				GCC_WARN_UNINITIALIZED_AUTOS = YES_AGGRESSIVE;
				GCC_WARN_UNUSED_FUNCTION = YES;
				GCC_WARN_UNUSED_VARIABLE = YES;
				MACOSX_DEPLOYMENT_TARGET = 10.12;
				MTL_ENABLE_DEBUG_INFO = NO;
				SDKROOT = macosx;
			};
			name = Release;
		};
		864CE1782192CB8D0037BF2A /* Debug */ = {
			isa = XCBuildConfiguration;
			buildSettings = {
				CODE_SIGN_STYLE = Automatic;
				PRODUCT_NAME = "$(TARGET_NAME)";
			};
			name = Debug;
		};
		864CE1792192CB8D0037BF2A /* Release */ = {
			isa = XCBuildConfiguration;
			buildSettings = {
				CODE_SIGN_STYLE = Automatic;
				PRODUCT_NAME = "$(TARGET_NAME)";
			};
			name = Release;
		};
/* End XCBuildConfiguration section */

/* Begin XCConfigurationList section */
		864CE16B2192CB8D0037BF2A /* Build configuration list for PBXProject "HW10" */ = {
			isa = XCConfigurationList;
			buildConfigurations = (
				864CE1752192CB8D0037BF2A /* Debug */,
				864CE1762192CB8D0037BF2A /* Release */,
			);
			defaultConfigurationIsVisible = 0;
			defaultConfigurationName = Release;
		};
		864CE1772192CB8D0037BF2A /* Build configuration list for PBXNativeTarget "HW10" */ = {
			isa = XCConfigurationList;
			buildConfigurations = (
				864CE1782192CB8D0037BF2A /* Debug */,
				864CE1792192CB8D0037BF2A /* Release */,
			);
			defaultConfigurationIsVisible = 0;
			defaultConfigurationName = Release;
		};
/* End XCConfigurationList section */
	};
	rootObject = 864CE1682192CB8D0037BF2A /* Project object */;
}
